
Microsoft Visual Studio Solution File, Format Version 11.00
# Visual Studio 2010
Project("{FAE04EC0-301F-11D3-BF4B-00C04F79EFBC}") = "ListingSyncronizer", "ListingSyncronizer.csproj", "{7F8A2E9E-7314-4982-8ECD-EE3C616CD757}"
EndProject
Global
	GlobalSection(SolutionConfigurationPlatforms) = preSolution
		Debug|Any CPU = Debug|Any CPU
		Release|Any CPU = Release|Any CPU
	EndGlobalSection
	GlobalSection(ProjectConfigurationPlatforms) = postSolution
		{7F8A2E9E-7314-4982-8ECD-EE3C616CD757}.Debug|Any CPU.ActiveCfg = Debug|Any CPU
		{7F8A2E9E-7314-4982-8ECD-EE3C616CD757}.Debug|Any CPU.Build.0 = Debug|Any CPU
		{7F8A2E9E-7314-4982-8ECD-EE3C616CD757}.Release|Any CPU.ActiveCfg = Release|Any CPU
		{7F8A2E9E-7314-4982-8ECD-EE3C616CD757}.Release|Any CPU.Build.0 = Release|Any CPU
	EndGlobalSection
	GlobalSection(SolutionProperties) = preSolution
		HideSolutionNode = FALSE
	EndGlobalSection
EndGlobal
