
Microsoft Visual Studio Solution File, Format Version 11.00
# Visual Studio 2010
Project("{FAE04EC0-301F-11D3-BF4B-00C04F79EFBC}") = "BulkAddBooks", "BulkAddBooks.csproj", "{C77ABF82-9E07-4A63-B3DB-042FC9445E16}"
EndProject
Global
	GlobalSection(SolutionConfigurationPlatforms) = preSolution
		Debug|Any CPU = Debug|Any CPU
		Release|Any CPU = Release|Any CPU
	EndGlobalSection
	GlobalSection(ProjectConfigurationPlatforms) = postSolution
		{C77ABF82-9E07-4A63-B3DB-042FC9445E16}.Debug|Any CPU.ActiveCfg = Debug|Any CPU
		{C77ABF82-9E07-4A63-B3DB-042FC9445E16}.Debug|Any CPU.Build.0 = Debug|Any CPU
		{C77ABF82-9E07-4A63-B3DB-042FC9445E16}.Release|Any CPU.ActiveCfg = Release|Any CPU
		{C77ABF82-9E07-4A63-B3DB-042FC9445E16}.Release|Any CPU.Build.0 = Release|Any CPU
	EndGlobalSection
	GlobalSection(SolutionProperties) = preSolution
		HideSolutionNode = FALSE
	EndGlobalSection
EndGlobal
